
Microsoft Visual Studio Solution File, Format Version 12.00
# Visual Studio 15
VisualStudioVersion = 15.0.26430.14
MinimumVisualStudioVersion = 10.0.40219.1
Project("{FAE04EC0-301F-11D3-BF4B-00C04F79EFBC}") = "MarsRoverApp", "MarsRoverApp\MarsRoverApp.csproj", "{DB2FD18A-4BAD-4A0A-8868-1839693C2208}"
EndProject
Project("{FAE04EC0-301F-11D3-BF4B-00C04F79EFBC}") = "MarsRoverAppTest", "MarsRoverAppTest\MarsRoverAppTest.csproj", "{1DE7BA62-4F0F-478E-8104-6FE578614608}"
EndProject
Global
	GlobalSection(SolutionConfigurationPlatforms) = preSolution
		Debug|Any CPU = Debug|Any CPU
		Release|Any CPU = Release|Any CPU
	EndGlobalSection
	GlobalSection(ProjectConfigurationPlatforms) = postSolution
		{DB2FD18A-4BAD-4A0A-8868-1839693C2208}.Debug|Any CPU.ActiveCfg = Debug|Any CPU
		{DB2FD18A-4BAD-4A0A-8868-1839693C2208}.Debug|Any CPU.Build.0 = Debug|Any CPU
		{DB2FD18A-4BAD-4A0A-8868-1839693C2208}.Release|Any CPU.ActiveCfg = Release|Any CPU
		{DB2FD18A-4BAD-4A0A-8868-1839693C2208}.Release|Any CPU.Build.0 = Release|Any CPU
		{1DE7BA62-4F0F-478E-8104-6FE578614608}.Debug|Any CPU.ActiveCfg = Debug|Any CPU
		{1DE7BA62-4F0F-478E-8104-6FE578614608}.Debug|Any CPU.Build.0 = Debug|Any CPU
		{1DE7BA62-4F0F-478E-8104-6FE578614608}.Release|Any CPU.ActiveCfg = Release|Any CPU
		{1DE7BA62-4F0F-478E-8104-6FE578614608}.Release|Any CPU.Build.0 = Release|Any CPU
	EndGlobalSection
	GlobalSection(SolutionProperties) = preSolution
		HideSolutionNode = FALSE
	EndGlobalSection
EndGlobal
